<?xml version="1.0" encoding="utf-8"?>
<Project ToolsVersion="4.0" xmlns="http://schemas.microsoft.com/developer/msbuild/2003">
  <ItemGroup>
    <Filter Include="Noob">
      <UniqueIdentifier>{F3BB897C-DFF2-8A0D-88DF-701074F5060F}</UniqueIdentifier>
    </Filter>
    <Filter Include="Noob\Events">
      <UniqueIdentifier>{7718DC0C-E3CD-5402-6CC2-4ED9D8764B06}</UniqueIdentifier>
    </Filter>
    <Filter Include="Noob\Platform">
      <UniqueIdentifier>{A71962D0-13DA-DD06-DC14-2784489422E3}</UniqueIdentifier>
    </Filter>
  </ItemGroup>
  <ItemGroup>
    <ClInclude Include="src\Noob.h" />
    <ClInclude Include="src\Noob\Application.h">
      <Filter>Noob</Filter>
    </ClInclude>
    <ClInclude Include="src\Noob\Core.h">
      <Filter>Noob</Filter>
    </ClInclude>
    <ClInclude Include="src\Noob\EntryPoint.h">
      <Filter>Noob</Filter>
    </ClInclude>
    <ClInclude Include="src\Noob\Events\ApplicationEvent.h">
      <Filter>Noob\Events</Filter>
    </ClInclude>
    <ClInclude Include="src\Noob\Events\Event.h">
      <Filter>Noob\Events</Filter>
    </ClInclude>
    <ClInclude Include="src\Noob\Events\KeyEvent.h">
      <Filter>Noob\Events</Filter>
    </ClInclude>
    <ClInclude Include="src\Noob\Events\MouseEvent.h">
      <Filter>Noob\Events</Filter>
    </ClInclude>
    <ClInclude Include="src\Noob\Log.h">
      <Filter>Noob</Filter>
    </ClInclude>
    <ClInclude Include="src\Noob\Platform\WindowsWindow.h">
      <Filter>Noob\Platform</Filter>
    </ClInclude>
    <ClInclude Include="src\nbpch.h" />
  </ItemGroup>
  <ItemGroup>
    <ClCompile Include="src\Noob\Application.cpp">
      <Filter>Noob</Filter>
    </ClCompile>
    <ClCompile Include="src\Noob\Log.cpp">
      <Filter>Noob</Filter>
    </ClCompile>
    <ClCompile Include="src\Noob\Platform\WindowsWIndow.cpp">
      <Filter>Noob\Platform</Filter>
    </ClCompile>
    <ClCompile Include="src\nbpch.cpp" />
    <ClCompile Include="src\Noob\Window.h" />
  </ItemGroup>
</Project>